// !$*UTF8*$!
{
	archiveVersion = 1;
	classes = {
	};
	objectVersion = 50;
	objects = {

/* Begin PBXBuildFile section */
		4AA3C721214F5515006223E6 /* AppDelegate.m in Sources */ = {isa = PBXBuildFile; fileRef = 4AA3C720214F5515006223E6 /* AppDelegate.m */; };
		4AA3C724214F5515006223E6 /* FirstViewController.m in Sources */ = {isa = PBXBuildFile; fileRef = 4AA3C723214F5515006223E6 /* FirstViewController.m */; };
		4AA3C727214F5515006223E6 /* SecondViewController.m in Sources */ = {isa = PBXBuildFile; fileRef = 4AA3C726214F5515006223E6 /* SecondViewController.m */; };
		4AA3C72A214F5515006223E6 /* Main.storyboard in Resources */ = {isa = PBXBuildFile; fileRef = 4AA3C728214F5515006223E6 /* Main.storyboard */; };
		4AA3C72C214F5516006223E6 /* Assets.xcassets in Resources */ = {isa = PBXBuildFile; fileRef = 4AA3C72B214F5516006223E6 /* Assets.xcassets */; };
		4AA3C72F214F5516006223E6 /* LaunchScreen.storyboard in Resources */ = {isa = PBXBuildFile; fileRef = 4AA3C72D214F5516006223E6 /* LaunchScreen.storyboard */; };
		4AA3C732214F5517006223E6 /* main.m in Sources */ = {isa = PBXBuildFile; fileRef = 4AA3C731214F5517006223E6 /* main.m */; };
		4AA3C766214F5A79006223E6 /* NSString+FFToast.m in Sources */ = {isa = PBXBuildFile; fileRef = 4AA3C73E214F5A79006223E6 /* NSString+FFToast.m */; };
		4AA3C767214F5A79006223E6 /* UIImage+FFToast.m in Sources */ = {isa = PBXBuildFile; fileRef = 4AA3C73F214F5A79006223E6 /* UIImage+FFToast.m */; };
		4AA3C768214F5A79006223E6 /* FFToast.m in Sources */ = {isa = PBXBuildFile; fileRef = 4AA3C743214F5A79006223E6 /* FFToast.m */; };
		4AA3C769214F5A79006223E6 /* FFCentreToastView.m in Sources */ = {isa = PBXBuildFile; fileRef = 4AA3C746214F5A79006223E6 /* FFCentreToastView.m */; };
		4AA3C76A214F5A79006223E6 /* FFBaseToastView.m in Sources */ = {isa = PBXBuildFile; fileRef = 4AA3C749214F5A79006223E6 /* FFBaseToastView.m */; };
		4AA3C76B214F5A79006223E6 /* fftoast_error@2x.png in Resources */ = {isa = PBXBuildFile; fileRef = 4AA3C74B214F5A79006223E6 /* fftoast_error@2x.png */; };
		4AA3C76C214F5A79006223E6 /* fftoast_info@3x.png in Resources */ = {isa = PBXBuildFile; fileRef = 4AA3C74C214F5A79006223E6 /* fftoast_info@3x.png */; };
		4AA3C76D214F5A79006223E6 /* fftoast_info.png in Resources */ = {isa = PBXBuildFile; fileRef = 4AA3C74D214F5A79006223E6 /* fftoast_info.png */; };
		4AA3C76E214F5A79006223E6 /* fftoast_error_highlight.png in Resources */ = {isa = PBXBuildFile; fileRef = 4AA3C74E214F5A79006223E6 /* fftoast_error_highlight.png */; };
		4AA3C76F214F5A79006223E6 /* fftoast_info@2x.png in Resources */ = {isa = PBXBuildFile; fileRef = 4AA3C74F214F5A79006223E6 /* fftoast_info@2x.png */; };
		4AA3C770214F5A79006223E6 /* fftoast_error@3x.png in Resources */ = {isa = PBXBuildFile; fileRef = 4AA3C750214F5A79006223E6 /* fftoast_error@3x.png */; };
		4AA3C771214F5A79006223E6 /* fftoast_success_highlight.png in Resources */ = {isa = PBXBuildFile; fileRef = 4AA3C751214F5A79006223E6 /* fftoast_success_highlight.png */; };
		4AA3C772214F5A79006223E6 /* fftoast_info_highlight@2x.png in Resources */ = {isa = PBXBuildFile; fileRef = 4AA3C752214F5A79006223E6 /* fftoast_info_highlight@2x.png */; };
		4AA3C773214F5A79006223E6 /* fftoast_dismiss@3x.png in Resources */ = {isa = PBXBuildFile; fileRef = 4AA3C753214F5A79006223E6 /* fftoast_dismiss@3x.png */; };
		4AA3C774214F5A79006223E6 /* fftoast_warning.png in Resources */ = {isa = PBXBuildFile; fileRef = 4AA3C754214F5A79006223E6 /* fftoast_warning.png */; };
		4AA3C775214F5A79006223E6 /* fftoast_dismiss@2x.png in Resources */ = {isa = PBXBuildFile; fileRef = 4AA3C755214F5A79006223E6 /* fftoast_dismiss@2x.png */; };
		4AA3C776214F5A79006223E6 /* fftoast_info_highlight@3x.png in Resources */ = {isa = PBXBuildFile; fileRef = 4AA3C756214F5A79006223E6 /* fftoast_info_highlight@3x.png */; };
		4AA3C777214F5A79006223E6 /* fftoast_error.png in Resources */ = {isa = PBXBuildFile; fileRef = 4AA3C757214F5A79006223E6 /* fftoast_error.png */; };
		4AA3C778214F5A79006223E6 /* fftoast_success_highlight@2x.png in Resources */ = {isa = PBXBuildFile; fileRef = 4AA3C758214F5A79006223E6 /* fftoast_success_highlight@2x.png */; };
		4AA3C779214F5A79006223E6 /* fftoast_warning_highlight@3x.png in Resources */ = {isa = PBXBuildFile; fileRef = 4AA3C759214F5A79006223E6 /* fftoast_warning_highlight@3x.png */; };
		4AA3C77A214F5A79006223E6 /* fftoast_warning_highlight.png in Resources */ = {isa = PBXBuildFile; fileRef = 4AA3C75A214F5A79006223E6 /* fftoast_warning_highlight.png */; };
		4AA3C77B214F5A79006223E6 /* fftoast_warning_highlight@2x.png in Resources */ = {isa = PBXBuildFile; fileRef = 4AA3C75B214F5A79006223E6 /* fftoast_warning_highlight@2x.png */; };
		4AA3C77C214F5A79006223E6 /* fftoast_success_highlight@3x.png in Resources */ = {isa = PBXBuildFile; fileRef = 4AA3C75C214F5A79006223E6 /* fftoast_success_highlight@3x.png */; };
		4AA3C77D214F5A79006223E6 /* fftoast_error_highlight@3x.png in Resources */ = {isa = PBXBuildFile; fileRef = 4AA3C75D214F5A79006223E6 /* fftoast_error_highlight@3x.png */; };
		4AA3C77E214F5A79006223E6 /* fftoast_success@2x.png in Resources */ = {isa = PBXBuildFile; fileRef = 4AA3C75E214F5A79006223E6 /* fftoast_success@2x.png */; };
		4AA3C77F214F5A79006223E6 /* fftoast_dismiss.png in Resources */ = {isa = PBXBuildFile; fileRef = 4AA3C75F214F5A79006223E6 /* fftoast_dismiss.png */; };
		4AA3C780214F5A79006223E6 /* fftoast_warning@2x.png in Resources */ = {isa = PBXBuildFile; fileRef = 4AA3C760214F5A79006223E6 /* fftoast_warning@2x.png */; };
		4AA3C781214F5A79006223E6 /* fftoast_warning@3x.png in Resources */ = {isa = PBXBuildFile; fileRef = 4AA3C761214F5A79006223E6 /* fftoast_warning@3x.png */; };
		4AA3C782214F5A79006223E6 /* fftoast_info_highlight.png in Resources */ = {isa = PBXBuildFile; fileRef = 4AA3C762214F5A79006223E6 /* fftoast_info_highlight.png */; };
		4AA3C783214F5A79006223E6 /* fftoast_success.png in Resources */ = {isa = PBXBuildFile; fileRef = 4AA3C763214F5A79006223E6 /* fftoast_success.png */; };
		4AA3C784214F5A79006223E6 /* fftoast_success@3x.png in Resources */ = {isa = PBXBuildFile; fileRef = 4AA3C764214F5A79006223E6 /* fftoast_success@3x.png */; };
		4AA3C785214F5A79006223E6 /* fftoast_error_highlight@2x.png in Resources */ = {isa = PBXBuildFile; fileRef = 4AA3C765214F5A79006223E6 /* fftoast_error_highlight@2x.png */; };
/* End PBXBuildFile section */

/* Begin PBXFileReference section */
		4AA3C71C214F5515006223E6 /* SOOM_APP.app */ = {isa = PBXFileReference; explicitFileType = wrapper.application; includeInIndex = 0; path = SOOM_APP.app; sourceTree = BUILT_PRODUCTS_DIR; };
		4AA3C71F214F5515006223E6 /* AppDelegate.h */ = {isa = PBXFileReference; lastKnownFileType = sourcecode.c.h; path = AppDelegate.h; sourceTree = "<group>"; };
		4AA3C720214F5515006223E6 /* AppDelegate.m */ = {isa = PBXFileReference; lastKnownFileType = sourcecode.c.objc; path = AppDelegate.m; sourceTree = "<group>"; };
		4AA3C722214F5515006223E6 /* FirstViewController.h */ = {isa = PBXFileReference; lastKnownFileType = sourcecode.c.h; path = FirstViewController.h; sourceTree = "<group>"; };
		4AA3C723214F5515006223E6 /* FirstViewController.m */ = {isa = PBXFileReference; lastKnownFileType = sourcecode.c.objc; path = FirstViewController.m; sourceTree = "<group>"; };
		4AA3C725214F5515006223E6 /* SecondViewController.h */ = {isa = PBXFileReference; lastKnownFileType = sourcecode.c.h; path = SecondViewController.h; sourceTree = "<group>"; };
		4AA3C726214F5515006223E6 /* SecondViewController.m */ = {isa = PBXFileReference; lastKnownFileType = sourcecode.c.objc; path = SecondViewController.m; sourceTree = "<group>"; };
		4AA3C729214F5515006223E6 /* Base */ = {isa = PBXFileReference; lastKnownFileType = file.storyboard; name = Base; path = Base.lproj/Main.storyboard; sourceTree = "<group>"; };
		4AA3C72B214F5516006223E6 /* Assets.xcassets */ = {isa = PBXFileReference; lastKnownFileType = folder.assetcatalog; path = Assets.xcassets; sourceTree = "<group>"; };
		4AA3C72E214F5516006223E6 /* Base */ = {isa = PBXFileReference; lastKnownFileType = file.storyboard; name = Base; path = Base.lproj/LaunchScreen.storyboard; sourceTree = "<group>"; };
		4AA3C730214F5517006223E6 /* Info.plist */ = {isa = PBXFileReference; lastKnownFileType = text.plist.xml; path = Info.plist; sourceTree = "<group>"; };
		4AA3C731214F5517006223E6 /* main.m */ = {isa = PBXFileReference; lastKnownFileType = sourcecode.c.objc; path = main.m; sourceTree = "<group>"; };
		4AA3C73E214F5A79006223E6 /* NSString+FFToast.m */ = {isa = PBXFileReference; fileEncoding = 4; lastKnownFileType = sourcecode.c.objc; path = "NSString+FFToast.m"; sourceTree = "<group>"; };
		4AA3C73F214F5A79006223E6 /* UIImage+FFToast.m */ = {isa = PBXFileReference; fileEncoding = 4; lastKnownFileType = sourcecode.c.objc; path = "UIImage+FFToast.m"; sourceTree = "<group>"; };
		4AA3C740214F5A79006223E6 /* UIImage+FFToast.h */ = {isa = PBXFileReference; fileEncoding = 4; lastKnownFileType = sourcecode.c.h; path = "UIImage+FFToast.h"; sourceTree = "<group>"; };
		4AA3C741214F5A79006223E6 /* NSString+FFToast.h */ = {isa = PBXFileReference; fileEncoding = 4; lastKnownFileType = sourcecode.c.h; path = "NSString+FFToast.h"; sourceTree = "<group>"; };
		4AA3C743214F5A79006223E6 /* FFToast.m */ = {isa = PBXFileReference; fileEncoding = 4; lastKnownFileType = sourcecode.c.objc; path = FFToast.m; sourceTree = "<group>"; };
		4AA3C744214F5A79006223E6 /* FFCentreToastView.h */ = {isa = PBXFileReference; fileEncoding = 4; lastKnownFileType = sourcecode.c.h; path = FFCentreToastView.h; sourceTree = "<group>"; };
		4AA3C745214F5A79006223E6 /* FFBaseToastView.h */ = {isa = PBXFileReference; fileEncoding = 4; lastKnownFileType = sourcecode.c.h; path = FFBaseToastView.h; sourceTree = "<group>"; };
		4AA3C746214F5A79006223E6 /* FFCentreToastView.m */ = {isa = PBXFileReference; fileEncoding = 4; lastKnownFileType = sourcecode.c.objc; path = FFCentreToastView.m; sourceTree = "<group>"; };
		4AA3C747214F5A79006223E6 /* FFToast.h */ = {isa = PBXFileReference; fileEncoding = 4; lastKnownFileType = sourcecode.c.h; path = FFToast.h; sourceTree = "<group>"; };
		4AA3C748214F5A79006223E6 /* FFConfig.h */ = {isa = PBXFileReference; fileEncoding = 4; lastKnownFileType = sourcecode.c.h; path = FFConfig.h; sourceTree = "<group>"; };
		4AA3C749214F5A79006223E6 /* FFBaseToastView.m */ = {isa = PBXFileReference; fileEncoding = 4; lastKnownFileType = sourcecode.c.objc; path = FFBaseToastView.m; sourceTree = "<group>"; };
		4AA3C74B214F5A79006223E6 /* fftoast_error@2x.png */ = {isa = PBXFileReference; lastKnownFileType = image.png; path = "fftoast_error@2x.png"; sourceTree = "<group>"; };
		4AA3C74C214F5A79006223E6 /* fftoast_info@3x.png */ = {isa = PBXFileReference; lastKnownFileType = image.png; path = "fftoast_info@3x.png"; sourceTree = "<group>"; };
		4AA3C74D214F5A79006223E6 /* fftoast_info.png */ = {isa = PBXFileReference; lastKnownFileType = image.png; path = fftoast_info.png; sourceTree = "<group>"; };
		4AA3C74E214F5A79006223E6 /* fftoast_error_highlight.png */ = {isa = PBXFileReference; lastKnownFileType = image.png; path = fftoast_error_highlight.png; sourceTree = "<group>"; };
		4AA3C74F214F5A79006223E6 /* fftoast_info@2x.png */ = {isa = PBXFileReference; lastKnownFileType = image.png; path = "fftoast_info@2x.png"; sourceTree = "<group>"; };
		4AA3C750214F5A79006223E6 /* fftoast_error@3x.png */ = {isa = PBXFileReference; lastKnownFileType = image.png; path = "fftoast_error@3x.png"; sourceTree = "<group>"; };
		4AA3C751214F5A79006223E6 /* fftoast_success_highlight.png */ = {isa = PBXFileReference; lastKnownFileType = image.png; path = fftoast_success_highlight.png; sourceTree = "<group>"; };
		4AA3C752214F5A79006223E6 /* fftoast_info_highlight@2x.png */ = {isa = PBXFileReference; lastKnownFileType = image.png; path = "fftoast_info_highlight@2x.png"; sourceTree = "<group>"; };
		4AA3C753214F5A79006223E6 /* fftoast_dismiss@3x.png */ = {isa = PBXFileReference; lastKnownFileType = image.png; path = "fftoast_dismiss@3x.png"; sourceTree = "<group>"; };
		4AA3C754214F5A79006223E6 /* fftoast_warning.png */ = {isa = PBXFileReference; lastKnownFileType = image.png; path = fftoast_warning.png; sourceTree = "<group>"; };
		4AA3C755214F5A79006223E6 /* fftoast_dismiss@2x.png */ = {isa = PBXFileReference; lastKnownFileType = image.png; path = "fftoast_dismiss@2x.png"; sourceTree = "<group>"; };
		4AA3C756214F5A79006223E6 /* fftoast_info_highlight@3x.png */ = {isa = PBXFileReference; lastKnownFileType = image.png; path = "fftoast_info_highlight@3x.png"; sourceTree = "<group>"; };
		4AA3C757214F5A79006223E6 /* fftoast_error.png */ = {isa = PBXFileReference; lastKnownFileType = image.png; path = fftoast_error.png; sourceTree = "<group>"; };
		4AA3C758214F5A79006223E6 /* fftoast_success_highlight@2x.png */ = {isa = PBXFileReference; lastKnownFileType = image.png; path = "fftoast_success_highlight@2x.png"; sourceTree = "<group>"; };
		4AA3C759214F5A79006223E6 /* fftoast_warning_highlight@3x.png */ = {isa = PBXFileReference; lastKnownFileType = image.png; path = "fftoast_warning_highlight@3x.png"; sourceTree = "<group>"; };
		4AA3C75A214F5A79006223E6 /* fftoast_warning_highlight.png */ = {isa = PBXFileReference; lastKnownFileType = image.png; path = fftoast_warning_highlight.png; sourceTree = "<group>"; };
		4AA3C75B214F5A79006223E6 /* fftoast_warning_highlight@2x.png */ = {isa = PBXFileReference; lastKnownFileType = image.png; path = "fftoast_warning_highlight@2x.png"; sourceTree = "<group>"; };
		4AA3C75C214F5A79006223E6 /* fftoast_success_highlight@3x.png */ = {isa = PBXFileReference; lastKnownFileType = image.png; path = "fftoast_success_highlight@3x.png"; sourceTree = "<group>"; };
		4AA3C75D214F5A79006223E6 /* fftoast_error_highlight@3x.png */ = {isa = PBXFileReference; lastKnownFileType = image.png; path = "fftoast_error_highlight@3x.png"; sourceTree = "<group>"; };
		4AA3C75E214F5A79006223E6 /* fftoast_success@2x.png */ = {isa = PBXFileReference; lastKnownFileType = image.png; path = "fftoast_success@2x.png"; sourceTree = "<group>"; };
		4AA3C75F214F5A79006223E6 /* fftoast_dismiss.png */ = {isa = PBXFileReference; lastKnownFileType = image.png; path = fftoast_dismiss.png; sourceTree = "<group>"; };
		4AA3C760214F5A79006223E6 /* fftoast_warning@2x.png */ = {isa = PBXFileReference; lastKnownFileType = image.png; path = "fftoast_warning@2x.png"; sourceTree = "<group>"; };
		4AA3C761214F5A79006223E6 /* fftoast_warning@3x.png */ = {isa = PBXFileReference; lastKnownFileType = image.png; path = "fftoast_warning@3x.png"; sourceTree = "<group>"; };
		4AA3C762214F5A79006223E6 /* fftoast_info_highlight.png */ = {isa = PBXFileReference; lastKnownFileType = image.png; path = fftoast_info_highlight.png; sourceTree = "<group>"; };
		4AA3C763214F5A79006223E6 /* fftoast_success.png */ = {isa = PBXFileReference; lastKnownFileType = image.png; path = fftoast_success.png; sourceTree = "<group>"; };
		4AA3C764214F5A79006223E6 /* fftoast_success@3x.png */ = {isa = PBXFileReference; lastKnownFileType = image.png; path = "fftoast_success@3x.png"; sourceTree = "<group>"; };
		4AA3C765214F5A79006223E6 /* fftoast_error_highlight@2x.png */ = {isa = PBXFileReference; lastKnownFileType = image.png; path = "fftoast_error_highlight@2x.png"; sourceTree = "<group>"; };
/* End PBXFileReference section */

/* Begin PBXFrameworksBuildPhase section */
		4AA3C719214F5515006223E6 /* Frameworks */ = {
			isa = PBXFrameworksBuildPhase;
			buildActionMask = 2147483647;
			files = (
			);
			runOnlyForDeploymentPostprocessing = 0;
		};
/* End PBXFrameworksBuildPhase section */

/* Begin PBXGroup section */
		4AA3C713214F5515006223E6 = {
			isa = PBXGroup;
			children = (
				4AA3C71E214F5515006223E6 /* SOOM_APP */,
				4AA3C71D214F5515006223E6 /* Products */,
			);
			sourceTree = "<group>";
		};
		4AA3C71D214F5515006223E6 /* Products */ = {
			isa = PBXGroup;
			children = (
				4AA3C71C214F5515006223E6 /* SOOM_APP.app */,
			);
			name = Products;
			sourceTree = "<group>";
		};
		4AA3C71E214F5515006223E6 /* SOOM_APP */ = {
			isa = PBXGroup;
			children = (
				4AA3C73B214F56C3006223E6 /* Delegate */,
				4AA3C73A214F564E006223E6 /* Tool */,
				4AA3C739214F5639006223E6 /* ViewController */,
				4AA3C728214F5515006223E6 /* Main.storyboard */,
				4AA3C72B214F5516006223E6 /* Assets.xcassets */,
				4AA3C72D214F5516006223E6 /* LaunchScreen.storyboard */,
				4AA3C730214F5517006223E6 /* Info.plist */,
				4AA3C731214F5517006223E6 /* main.m */,
			);
			path = SOOM_APP;
			sourceTree = "<group>";
		};
		4AA3C739214F5639006223E6 /* ViewController */ = {
			isa = PBXGroup;
			children = (
				4AA3C722214F5515006223E6 /* FirstViewController.h */,
				4AA3C723214F5515006223E6 /* FirstViewController.m */,
				4AA3C725214F5515006223E6 /* SecondViewController.h */,
				4AA3C726214F5515006223E6 /* SecondViewController.m */,
			);
			path = ViewController;
			sourceTree = "<group>";
		};
		4AA3C73A214F564E006223E6 /* Tool */ = {
			isa = PBXGroup;
			children = (
				4AA3C73C214F5A79006223E6 /* FFToast */,
			);
			path = Tool;
			sourceTree = "<group>";
		};
		4AA3C73B214F56C3006223E6 /* Delegate */ = {
			isa = PBXGroup;
			children = (
				4AA3C71F214F5515006223E6 /* AppDelegate.h */,
				4AA3C720214F5515006223E6 /* AppDelegate.m */,
			);
			path = Delegate;
			sourceTree = "<group>";
		};
		4AA3C73C214F5A79006223E6 /* FFToast */ = {
			isa = PBXGroup;
			children = (
				4AA3C73D214F5A79006223E6 /* Category */,
				4AA3C742214F5A79006223E6 /* Classes */,
				4AA3C74A214F5A79006223E6 /* Assets */,
			);
			path = FFToast;
			sourceTree = "<group>";
		};
		4AA3C73D214F5A79006223E6 /* Category */ = {
			isa = PBXGroup;
			children = (
				4AA3C73E214F5A79006223E6 /* NSString+FFToast.m */,
				4AA3C73F214F5A79006223E6 /* UIImage+FFToast.m */,
				4AA3C740214F5A79006223E6 /* UIImage+FFToast.h */,
				4AA3C741214F5A79006223E6 /* NSString+FFToast.h */,
			);
			path = Category;
			sourceTree = "<group>";
		};
		4AA3C742214F5A79006223E6 /* Classes */ = {
			isa = PBXGroup;
			children = (
				4AA3C743214F5A79006223E6 /* FFToast.m */,
				4AA3C744214F5A79006223E6 /* FFCentreToastView.h */,
				4AA3C745214F5A79006223E6 /* FFBaseToastView.h */,
				4AA3C746214F5A79006223E6 /* FFCentreToastView.m */,
				4AA3C747214F5A79006223E6 /* FFToast.h */,
				4AA3C748214F5A79006223E6 /* FFConfig.h */,
				4AA3C749214F5A79006223E6 /* FFBaseToastView.m */,
			);
			path = Classes;
			sourceTree = "<group>";
		};
		4AA3C74A214F5A79006223E6 /* Assets */ = {
			isa = PBXGroup;
			children = (
				4AA3C74B214F5A79006223E6 /* fftoast_error@2x.png */,
				4AA3C74C214F5A79006223E6 /* fftoast_info@3x.png */,
				4AA3C74D214F5A79006223E6 /* fftoast_info.png */,
				4AA3C74E214F5A79006223E6 /* fftoast_error_highlight.png */,
				4AA3C74F214F5A79006223E6 /* fftoast_info@2x.png */,
				4AA3C750214F5A79006223E6 /* fftoast_error@3x.png */,
				4AA3C751214F5A79006223E6 /* fftoast_success_highlight.png */,
				4AA3C752214F5A79006223E6 /* fftoast_info_highlight@2x.png */,
				4AA3C753214F5A79006223E6 /* fftoast_dismiss@3x.png */,
				4AA3C754214F5A79006223E6 /* fftoast_warning.png */,
				4AA3C755214F5A79006223E6 /* fftoast_dismiss@2x.png */,
				4AA3C756214F5A79006223E6 /* fftoast_info_highlight@3x.png */,
				4AA3C757214F5A79006223E6 /* fftoast_error.png */,
				4AA3C758214F5A79006223E6 /* fftoast_success_highlight@2x.png */,
				4AA3C759214F5A79006223E6 /* fftoast_warning_highlight@3x.png */,
				4AA3C75A214F5A79006223E6 /* fftoast_warning_highlight.png */,
				4AA3C75B214F5A79006223E6 /* fftoast_warning_highlight@2x.png */,
				4AA3C75C214F5A79006223E6 /* fftoast_success_highlight@3x.png */,
				4AA3C75D214F5A79006223E6 /* fftoast_error_highlight@3x.png */,
				4AA3C75E214F5A79006223E6 /* fftoast_success@2x.png */,
				4AA3C75F214F5A79006223E6 /* fftoast_dismiss.png */,
				4AA3C760214F5A79006223E6 /* fftoast_warning@2x.png */,
				4AA3C761214F5A79006223E6 /* fftoast_warning@3x.png */,
				4AA3C762214F5A79006223E6 /* fftoast_info_highlight.png */,
				4AA3C763214F5A79006223E6 /* fftoast_success.png */,
				4AA3C764214F5A79006223E6 /* fftoast_success@3x.png */,
				4AA3C765214F5A79006223E6 /* fftoast_error_highlight@2x.png */,
			);
			path = Assets;
			sourceTree = "<group>";
		};
/* End PBXGroup section */

/* Begin PBXNativeTarget section */
		4AA3C71B214F5515006223E6 /* SOOM_APP */ = {
			isa = PBXNativeTarget;
			buildConfigurationList = 4AA3C735214F5517006223E6 /* Build configuration list for PBXNativeTarget "SOOM_APP" */;
			buildPhases = (
				4AA3C718214F5515006223E6 /* Sources */,
				4AA3C719214F5515006223E6 /* Frameworks */,
				4AA3C71A214F5515006223E6 /* Resources */,
			);
			buildRules = (
			);
			dependencies = (
			);
			name = SOOM_APP;
			productName = SOOM_APP;
			productReference = 4AA3C71C214F5515006223E6 /* SOOM_APP.app */;
			productType = "com.apple.product-type.application";
		};
/* End PBXNativeTarget section */

/* Begin PBXProject section */
		4AA3C714214F5515006223E6 /* Project object */ = {
			isa = PBXProject;
			attributes = {
				LastUpgradeCheck = 0940;
				ORGANIZATIONNAME = samyoung79;
				TargetAttributes = {
					4AA3C71B214F5515006223E6 = {
						CreatedOnToolsVersion = 9.4.1;
					};
				};
			};
			buildConfigurationList = 4AA3C717214F5515006223E6 /* Build configuration list for PBXProject "SOOM_APP" */;
			compatibilityVersion = "Xcode 9.3";
			developmentRegion = en;
			hasScannedForEncodings = 0;
			knownRegions = (
				en,
				Base,
			);
			mainGroup = 4AA3C713214F5515006223E6;
			productRefGroup = 4AA3C71D214F5515006223E6 /* Products */;
			projectDirPath = "";
			projectRoot = "";
			targets = (
				4AA3C71B214F5515006223E6 /* SOOM_APP */,
			);
		};
/* End PBXProject section */

/* Begin PBXResourcesBuildPhase section */
		4AA3C71A214F5515006223E6 /* Resources */ = {
			isa = PBXResourcesBuildPhase;
			buildActionMask = 2147483647;
			files = (
				4AA3C77B214F5A79006223E6 /* fftoast_warning_highlight@2x.png in Resources */,
				4AA3C72F214F5516006223E6 /* LaunchScreen.storyboard in Resources */,
				4AA3C772214F5A79006223E6 /* fftoast_info_highlight@2x.png in Resources */,
				4AA3C773214F5A79006223E6 /* fftoast_dismiss@3x.png in Resources */,
				4AA3C776214F5A79006223E6 /* fftoast_info_highlight@3x.png in Resources */,
				4AA3C777214F5A79006223E6 /* fftoast_error.png in Resources */,
				4AA3C782214F5A79006223E6 /* fftoast_info_highlight.png in Resources */,
				4AA3C77A214F5A79006223E6 /* fftoast_warning_highlight.png in Resources */,
				4AA3C778214F5A79006223E6 /* fftoast_success_highlight@2x.png in Resources */,
				4AA3C784214F5A79006223E6 /* fftoast_success@3x.png in Resources */,
				4AA3C774214F5A79006223E6 /* fftoast_warning.png in Resources */,
				4AA3C76B214F5A79006223E6 /* fftoast_error@2x.png in Resources */,
				4AA3C779214F5A79006223E6 /* fftoast_warning_highlight@3x.png in Resources */,
				4AA3C76F214F5A79006223E6 /* fftoast_info@2x.png in Resources */,
				4AA3C77C214F5A79006223E6 /* fftoast_success_highlight@3x.png in Resources */,
				4AA3C77E214F5A79006223E6 /* fftoast_success@2x.png in Resources */,
				4AA3C781214F5A79006223E6 /* fftoast_warning@3x.png in Resources */,
				4AA3C76C214F5A79006223E6 /* fftoast_info@3x.png in Resources */,
				4AA3C72C214F5516006223E6 /* Assets.xcassets in Resources */,
				4AA3C77F214F5A79006223E6 /* fftoast_dismiss.png in Resources */,
				4AA3C770214F5A79006223E6 /* fftoast_error@3x.png in Resources */,
				4AA3C775214F5A79006223E6 /* fftoast_dismiss@2x.png in Resources */,
				4AA3C780214F5A79006223E6 /* fftoast_warning@2x.png in Resources */,
				4AA3C72A214F5515006223E6 /* Main.storyboard in Resources */,
				4AA3C76E214F5A79006223E6 /* fftoast_error_highlight.png in Resources */,
				4AA3C77D214F5A79006223E6 /* fftoast_error_highlight@3x.png in Resources */,
				4AA3C783214F5A79006223E6 /* fftoast_success.png in Resources */,
				4AA3C771214F5A79006223E6 /* fftoast_success_highlight.png in Resources */,
				4AA3C785214F5A79006223E6 /* fftoast_error_highlight@2x.png in Resources */,
				4AA3C76D214F5A79006223E6 /* fftoast_info.png in Resources */,
			);
			runOnlyForDeploymentPostprocessing = 0;
		};
/* End PBXResourcesBuildPhase section */

/* Begin PBXSourcesBuildPhase section */
		4AA3C718214F5515006223E6 /* Sources */ = {
			isa = PBXSourcesBuildPhase;
			buildActionMask = 2147483647;
			files = (
				4AA3C766214F5A79006223E6 /* NSString+FFToast.m in Sources */,
				4AA3C769214F5A79006223E6 /* FFCentreToastView.m in Sources */,
				4AA3C76A214F5A79006223E6 /* FFBaseToastView.m in Sources */,
				4AA3C727214F5515006223E6 /* SecondViewController.m in Sources */,
				4AA3C768214F5A79006223E6 /* FFToast.m in Sources */,
				4AA3C721214F5515006223E6 /* AppDelegate.m in Sources */,
				4AA3C732214F5517006223E6 /* main.m in Sources */,
				4AA3C724214F5515006223E6 /* FirstViewController.m in Sources */,
				4AA3C767214F5A79006223E6 /* UIImage+FFToast.m in Sources */,
			);
			runOnlyForDeploymentPostprocessing = 0;
		};
/* End PBXSourcesBuildPhase section */

/* Begin PBXVariantGroup section */
		4AA3C728214F5515006223E6 /* Main.storyboard */ = {
			isa = PBXVariantGroup;
			children = (
				4AA3C729214F5515006223E6 /* Base */,
			);
			name = Main.storyboard;
			sourceTree = "<group>";
		};
		4AA3C72D214F5516006223E6 /* LaunchScreen.storyboard */ = {
			isa = PBXVariantGroup;
			children = (
				4AA3C72E214F5516006223E6 /* Base */,
			);
			name = LaunchScreen.storyboard;
			sourceTree = "<group>";
		};
/* End PBXVariantGroup section */

/* Begin XCBuildConfiguration section */
		4AA3C733214F5517006223E6 /* Debug */ = {
			isa = XCBuildConfiguration;
			buildSettings = {
				ALWAYS_SEARCH_USER_PATHS = NO;
				CLANG_ANALYZER_NONNULL = YES;
				CLANG_ANALYZER_NUMBER_OBJECT_CONVERSION = YES_AGGRESSIVE;
				CLANG_CXX_LANGUAGE_STANDARD = "gnu++14";
				CLANG_CXX_LIBRARY = "libc++";
				CLANG_ENABLE_MODULES = YES;
				CLANG_ENABLE_OBJC_ARC = YES;
				CLANG_ENABLE_OBJC_WEAK = YES;
				CLANG_WARN_BLOCK_CAPTURE_AUTORELEASING = YES;
				CLANG_WARN_BOOL_CONVERSION = YES;
				CLANG_WARN_COMMA = YES;
				CLANG_WARN_CONSTANT_CONVERSION = YES;
				CLANG_WARN_DEPRECATED_OBJC_IMPLEMENTATIONS = YES;
				CLANG_WARN_DIRECT_OBJC_ISA_USAGE = YES_ERROR;
				CLANG_WARN_DOCUMENTATION_COMMENTS = YES;
				CLANG_WARN_EMPTY_BODY = YES;
				CLANG_WARN_ENUM_CONVERSION = YES;
				CLANG_WARN_INFINITE_RECURSION = YES;
				CLANG_WARN_INT_CONVERSION = YES;
				CLANG_WARN_NON_LITERAL_NULL_CONVERSION = YES;
				CLANG_WARN_OBJC_IMPLICIT_RETAIN_SELF = YES;
				CLANG_WARN_OBJC_LITERAL_CONVERSION = YES;
				CLANG_WARN_OBJC_ROOT_CLASS = YES_ERROR;
				CLANG_WARN_RANGE_LOOP_ANALYSIS = YES;
				CLANG_WARN_STRICT_PROTOTYPES = YES;
				CLANG_WARN_SUSPICIOUS_MOVE = YES;
				CLANG_WARN_UNGUARDED_AVAILABILITY = YES_AGGRESSIVE;
				CLANG_WARN_UNREACHABLE_CODE = YES;
				CLANG_WARN__DUPLICATE_METHOD_MATCH = YES;
				CODE_SIGN_IDENTITY = "iPhone Developer";
				COPY_PHASE_STRIP = NO;
				DEBUG_INFORMATION_FORMAT = dwarf;
				ENABLE_STRICT_OBJC_MSGSEND = YES;
				ENABLE_TESTABILITY = YES;
				GCC_C_LANGUAGE_STANDARD = gnu11;
				GCC_DYNAMIC_NO_PIC = NO;
				GCC_NO_COMMON_BLOCKS = YES;
				GCC_OPTIMIZATION_LEVEL = 0;
				GCC_PREPROCESSOR_DEFINITIONS = (
					"DEBUG=1",
					"$(inherited)",
				);
				GCC_WARN_64_TO_32_BIT_CONVERSION = YES;
				GCC_WARN_ABOUT_RETURN_TYPE = YES_ERROR;
				GCC_WARN_UNDECLARED_SELECTOR = YES;
				GCC_WARN_UNINITIALIZED_AUTOS = YES_AGGRESSIVE;
				GCC_WARN_UNUSED_FUNCTION = YES;
				GCC_WARN_UNUSED_VARIABLE = YES;
				IPHONEOS_DEPLOYMENT_TARGET = 11.4;
				MTL_ENABLE_DEBUG_INFO = YES;
				ONLY_ACTIVE_ARCH = YES;
				SDKROOT = iphoneos;
			};
			name = Debug;
		};
		4AA3C734214F5517006223E6 /* Release */ = {
			isa = XCBuildConfiguration;
			buildSettings = {
				ALWAYS_SEARCH_USER_PATHS = NO;
				CLANG_ANALYZER_NONNULL = YES;
				CLANG_ANALYZER_NUMBER_OBJECT_CONVERSION = YES_AGGRESSIVE;
				CLANG_CXX_LANGUAGE_STANDARD = "gnu++14";
				CLANG_CXX_LIBRARY = "libc++";
				CLANG_ENABLE_MODULES = YES;
				CLANG_ENABLE_OBJC_ARC = YES;
				CLANG_ENABLE_OBJC_WEAK = YES;
				CLANG_WARN_BLOCK_CAPTURE_AUTORELEASING = YES;
				CLANG_WARN_BOOL_CONVERSION = YES;
				CLANG_WARN_COMMA = YES;
				CLANG_WARN_CONSTANT_CONVERSION = YES;
				CLANG_WARN_DEPRECATED_OBJC_IMPLEMENTATIONS = YES;
				CLANG_WARN_DIRECT_OBJC_ISA_USAGE = YES_ERROR;
				CLANG_WARN_DOCUMENTATION_COMMENTS = YES;
				CLANG_WARN_EMPTY_BODY = YES;
				CLANG_WARN_ENUM_CONVERSION = YES;
				CLANG_WARN_INFINITE_RECURSION = YES;
				CLANG_WARN_INT_CONVERSION = YES;
				CLANG_WARN_NON_LITERAL_NULL_CONVERSION = YES;
				CLANG_WARN_OBJC_IMPLICIT_RETAIN_SELF = YES;
				CLANG_WARN_OBJC_LITERAL_CONVERSION = YES;
				CLANG_WARN_OBJC_ROOT_CLASS = YES_ERROR;
				CLANG_WARN_RANGE_LOOP_ANALYSIS = YES;
				CLANG_WARN_STRICT_PROTOTYPES = YES;
				CLANG_WARN_SUSPICIOUS_MOVE = YES;
				CLANG_WARN_UNGUARDED_AVAILABILITY = YES_AGGRESSIVE;
				CLANG_WARN_UNREACHABLE_CODE = YES;
				CLANG_WARN__DUPLICATE_METHOD_MATCH = YES;
				CODE_SIGN_IDENTITY = "iPhone Developer";
				COPY_PHASE_STRIP = NO;
				DEBUG_INFORMATION_FORMAT = "dwarf-with-dsym";
				ENABLE_NS_ASSERTIONS = NO;
				ENABLE_STRICT_OBJC_MSGSEND = YES;
				GCC_C_LANGUAGE_STANDARD = gnu11;
				GCC_NO_COMMON_BLOCKS = YES;
				GCC_WARN_64_TO_32_BIT_CONVERSION = YES;
				GCC_WARN_ABOUT_RETURN_TYPE = YES_ERROR;
				GCC_WARN_UNDECLARED_SELECTOR = YES;
				GCC_WARN_UNINITIALIZED_AUTOS = YES_AGGRESSIVE;
				GCC_WARN_UNUSED_FUNCTION = YES;
				GCC_WARN_UNUSED_VARIABLE = YES;
				IPHONEOS_DEPLOYMENT_TARGET = 11.4;
				MTL_ENABLE_DEBUG_INFO = NO;
				SDKROOT = iphoneos;
				VALIDATE_PRODUCT = YES;
			};
			name = Release;
		};
		4AA3C736214F5517006223E6 /* Debug */ = {
			isa = XCBuildConfiguration;
			buildSettings = {
				ASSETCATALOG_COMPILER_APPICON_NAME = AppIcon;
				CODE_SIGN_STYLE = Automatic;
				DEVELOPMENT_TEAM = YW539LNVN8;
				INFOPLIST_FILE = SOOM_APP/Info.plist;
				LD_RUNPATH_SEARCH_PATHS = (
					"$(inherited)",
					"@executable_path/Frameworks",
				);
				PRODUCT_BUNDLE_IDENTIFIER = "com.soom.SOOM-APP";
				PRODUCT_NAME = "$(TARGET_NAME)";
				TARGETED_DEVICE_FAMILY = "1,2";
			};
			name = Debug;
		};
		4AA3C737214F5517006223E6 /* Release */ = {
			isa = XCBuildConfiguration;
			buildSettings = {
				ASSETCATALOG_COMPILER_APPICON_NAME = AppIcon;
				CODE_SIGN_STYLE = Automatic;
				DEVELOPMENT_TEAM = YW539LNVN8;
				INFOPLIST_FILE = SOOM_APP/Info.plist;
				LD_RUNPATH_SEARCH_PATHS = (
					"$(inherited)",
					"@executable_path/Frameworks",
				);
				PRODUCT_BUNDLE_IDENTIFIER = "com.soom.SOOM-APP";
				PRODUCT_NAME = "$(TARGET_NAME)";
				TARGETED_DEVICE_FAMILY = "1,2";
			};
			name = Release;
		};
/* End XCBuildConfiguration section */

/* Begin XCConfigurationList section */
		4AA3C717214F5515006223E6 /* Build configuration list for PBXProject "SOOM_APP" */ = {
			isa = XCConfigurationList;
			buildConfigurations = (
				4AA3C733214F5517006223E6 /* Debug */,
				4AA3C734214F5517006223E6 /* Release */,
			);
			defaultConfigurationIsVisible = 0;
			defaultConfigurationName = Release;
		};
		4AA3C735214F5517006223E6 /* Build configuration list for PBXNativeTarget "SOOM_APP" */ = {
			isa = XCConfigurationList;
			buildConfigurations = (
				4AA3C736214F5517006223E6 /* Debug */,
				4AA3C737214F5517006223E6 /* Release */,
			);
			defaultConfigurationIsVisible = 0;
			defaultConfigurationName = Release;
		};
/* End XCConfigurationList section */
	};
	rootObject = 4AA3C714214F5515006223E6 /* Project object */;
}
